{
  "name": "W21C",
  "version": "1.1.0",
  "lockfileVersion": 1,
  "requires": true,
  "dependencies": {
    "@claviska/jquery-minicolors": {
      "version": "2.2.6",
      "resolved": "https://registry.npmjs.org/@claviska/jquery-minicolors/-/jquery-minicolors-2.2.6.tgz",
      "integrity": "sha1-ALTB5OMeTaSDUBeF1cLtP8z97ck=",
      "requires": {
        "jquery": "3.3.1"
      }
    },
    "almond": {
      "version": "0.3.3",
      "resolved": "https://registry.npmjs.org/almond/-/almond-0.3.3.tgz",
      "integrity": "sha1-oOfJWsdiTWQXtElLHmi/9pMWiiA="
    },
    "animate.css": {
      "version": "3.6.1",
      "resolved": "https://registry.npmjs.org/animate.css/-/animate.css-3.6.1.tgz",
      "integrity": "sha512-xEIzzKyQvQSIldgrtC2d/qptAEQLVlMb6xQrjQ6HU6NyGhF7LAIivRZVmhSAg4EICRASNiS+A1G+wvAKTCoC7A=="
    },
    "atoa": {
      "version": "1.0.0",
      "resolved": "https://registry.npmjs.org/atoa/-/atoa-1.0.0.tgz",
      "integrity": "sha1-DMDpGkgOc4+SPrwQNnZHF3mzSkk="
    },
    "blueimp-gallery": {
      "version": "2.33.0",
      "resolved": "https://registry.npmjs.org/blueimp-gallery/-/blueimp-gallery-2.33.0.tgz",
      "integrity": "sha512-gz++nODmcJkENLXizdazy4z4EqoJCXyOisrH6M/fR3JE507yO+tPgoEsRCBggGwMAmQsu6kWACfldlq7RIa+Lg=="
    },
    "bootstrap": {
      "version": "4.1.1",
      "resolved": "https://registry.npmjs.org/bootstrap/-/bootstrap-4.1.1.tgz",
      "integrity": "sha512-SpiDSOcbg4J/PjVSt4ny5eY6j74VbVSjROY4Fb/WIUXBV9cnb5luyR4KnPvNoXuGnBK1T+nJIWqRsvU3yP8Mcg=="
    },
    "bootstrap-duallistbox": {
      "version": "3.0.6",
      "resolved": "https://registry.npmjs.org/bootstrap-duallistbox/-/bootstrap-duallistbox-3.0.6.tgz",
      "integrity": "sha1-snYwPWrYb6drTWTgJz6yl6q5n9A="
    },
    "bootstrap-markdown": {
      "version": "2.10.0",
      "resolved": "https://registry.npmjs.org/bootstrap-markdown/-/bootstrap-markdown-2.10.0.tgz",
      "integrity": "sha1-ZSNCd4QEVO4a3HSCsvSl45ddrOU="
    },
    "bootstrap-multiselect": {
      "version": "0.9.13-1",
      "resolved": "https://registry.npmjs.org/bootstrap-multiselect/-/bootstrap-multiselect-0.9.13-1.tgz",
      "integrity": "sha1-LFfO4mCxjX8BpO3Z1l8l3wQl/So="
    },
    "bootstrap-select": {
      "version": "1.13.1",
      "resolved": "https://registry.npmjs.org/bootstrap-select/-/bootstrap-select-1.13.1.tgz",
      "integrity": "sha1-9ZwCkm+1rGNWudHNvFOEwvAT2bo="
    },
    "bootstrap-slider": {
      "version": "10.0.2",
      "resolved": "https://registry.npmjs.org/bootstrap-slider/-/bootstrap-slider-10.0.2.tgz",
      "integrity": "sha1-RC2EKTrqJIoxsaP5dqw3N6c2KmI="
    },
    "bootstrap-sortable": {
      "version": "git+https://github.com/drvic10k/bootstrap-sortable.git#ff650fd17cc2872f4031d355fa6382066d064e87"
    },
    "bootstrap-table": {
      "version": "1.12.1",
      "resolved": "https://registry.npmjs.org/bootstrap-table/-/bootstrap-table-1.12.1.tgz",
      "integrity": "sha1-ycOXMGeEKpN8BdhjnszLAqvWumU="
    },
    "bootstrap-tour": {
      "version": "git+https://github.com/sorich87/bootstrap-tour.git#ca5ebf493ee479e46de3c304221986551b3da506",
      "requires": {
        "bootstrap": "4.1.1",
        "jquery": "3.3.1",
        "popper.js": "1.14.4"
      }
    },
    "chartist": {
      "version": "0.11.0",
      "resolved": "https://registry.npmjs.org/chartist/-/chartist-0.11.0.tgz",
      "integrity": "sha1-hLpeBUkNCW2T3PqTQ+vDHvajvSg="
    },
    "contra": {
      "version": "1.9.4",
      "resolved": "https://registry.npmjs.org/contra/-/contra-1.9.4.tgz",
      "integrity": "sha1-9TveQtfltZhcrk2ZqNYQUm3o8o0=",
      "requires": {
        "atoa": "1.0.0",
        "ticky": "1.0.1"
      }
    },
    "cropper": {
      "version": "4.0.0",
      "resolved": "https://registry.npmjs.org/cropper/-/cropper-4.0.0.tgz",
      "integrity": "sha512-l0RVf5hHww+iSIJ5ZQRwRRljYjvxA4Rt4qUICR/MjCReif7mW/S68RekM7X2+mip0mG9XQ1oMY9o0v6wi59ftw==",
      "requires": {
        "cropperjs": "1.4.0"
      }
    },
    "cropperjs": {
      "version": "1.4.0",
      "resolved": "https://registry.npmjs.org/cropperjs/-/cropperjs-1.4.0.tgz",
      "integrity": "sha512-ul0GgMFEy9mDexN07E0NGfOazCNdurDu00u9WpgyXSOO280w5CPSr9XjYZHSjsZYd1KtYxZkzZltv8qEPRd/YA=="
    },
    "crossvent": {
      "version": "1.5.4",
      "resolved": "https://registry.npmjs.org/crossvent/-/crossvent-1.5.4.tgz",
      "integrity": "sha1-2ixPj0DJR4JRe/K+7BBEFIGUq5I=",
      "requires": {
        "custom-event": "1.0.0"
      }
    },
    "custom-event": {
      "version": "1.0.0",
      "resolved": "https://registry.npmjs.org/custom-event/-/custom-event-1.0.0.tgz",
      "integrity": "sha1-LkYovhncSyFLXAJjDFlx6BFhgGI="
    },
    "datatables.net": {
      "version": "1.10.19",
      "resolved": "https://registry.npmjs.org/datatables.net/-/datatables.net-1.10.19.tgz",
      "integrity": "sha512-+ljXcI6Pj3PTGy5pesp3E5Dr3x3AV45EZe0o1r0gKENN2gafBKXodVnk2ypKwl2tTmivjxbkiqoWnipTefyBTA==",
      "requires": {
        "jquery": "3.3.1"
      }
    },
    "datatables.net-bs4": {
      "version": "1.10.19",
      "resolved": "https://registry.npmjs.org/datatables.net-bs4/-/datatables.net-bs4-1.10.19.tgz",
      "integrity": "sha512-pgeP17w4aPR7HIxIwuJghfqXULjdg1K6xMUUKDyCERJRSNNK4MRToFfELtIsluLNN555YBK4Kx8nihX5/ZT1Fw==",
      "requires": {
        "datatables.net": "1.10.19",
        "jquery": "3.3.1"
      }
    },
    "dom7": {
      "version": "2.0.7",
      "resolved": "https://registry.npmjs.org/dom7/-/dom7-2.0.7.tgz",
      "integrity": "sha512-1M6HYWK1NZR3JyrRYy1JjFc0U+eB+OqzPjeAB05TlY87RDo1XJHS1NdUoNGPwDfZqKyCRTO4NkyCosUsyLiKGQ==",
      "requires": {
        "ssr-window": "1.0.0"
      }
    },
    "dragula": {
      "version": "3.7.2",
      "resolved": "https://registry.npmjs.org/dragula/-/dragula-3.7.2.tgz",
      "integrity": "sha1-SjXJ05gf+sGpScKcpyhQWOhzk84=",
      "requires": {
        "contra": "1.9.4",
        "crossvent": "1.5.4"
      }
    },
    "jquery": {
      "version": "3.3.1",
      "resolved": "https://registry.npmjs.org/jquery/-/jquery-3.3.1.tgz",
      "integrity": "sha512-Ubldcmxp5np52/ENotGxlLe6aGMvmF4R8S6tZjsP6Knsaxd/xp3Zrh50cG93lR6nPXyUFwzN3ZSOQI0wRJNdGg=="
    },
    "jquery-mousewheel": {
      "version": "3.1.13",
      "resolved": "https://registry.npmjs.org/jquery-mousewheel/-/jquery-mousewheel-3.1.13.tgz",
      "integrity": "sha1-BvAzXxbjU6aV5yBr9QUDy1I6buU="
    },
    "jquery.growl": {
      "version": "1.3.5",
      "resolved": "https://registry.npmjs.org/jquery.growl/-/jquery.growl-1.3.5.tgz",
      "integrity": "sha1-+hxNdY4NdoZVHhWJaxqqwrsa9/E="
    },
    "jstree": {
      "version": "3.3.5",
      "resolved": "https://registry.npmjs.org/jstree/-/jstree-3.3.5.tgz",
      "integrity": "sha1-nFeNsy0KZDd1zd2AIK1ZkvQRnBM=",
      "requires": {
        "jquery": "3.3.1"
      }
    },
    "ladda": {
      "version": "2.0.1",
      "resolved": "https://registry.npmjs.org/ladda/-/ladda-2.0.1.tgz",
      "integrity": "sha512-ynRaMdW9y9ABRdTUWa60HSQjtTkoEZMiQDzzYsX8yxIEm7mxL/sxpvoLutYox1XluRif3DxLDg+3Dl1wurjnJg==",
      "requires": {
        "spin.js": "4.0.0"
      }
    },
    "perfect-scrollbar": {
      "version": "1.4.0",
      "resolved": "https://registry.npmjs.org/perfect-scrollbar/-/perfect-scrollbar-1.4.0.tgz",
      "integrity": "sha512-/2Sk/khljhdrsamjJYS5NjrH+GKEHEwh7zFSiYyxROyYKagkE4kSn2zDQDRTOMo8mpT2jikxx6yI1dG7lNP/hw=="
    },
    "photoswipe": {
      "version": "4.1.2",
      "resolved": "https://registry.npmjs.org/photoswipe/-/photoswipe-4.1.2.tgz",
      "integrity": "sha1-lcIKdc6iO3DWKZZBytguA8rn95c="
    },
    "plyr": {
      "version": "2.0.18",
      "resolved": "https://registry.npmjs.org/plyr/-/plyr-2.0.18.tgz",
      "integrity": "sha512-PRRSk7zFGai4tq8hlMgS+s8dKQpaOHFi+BkTa+Fb23co3APBb3wNiyPZ9cFPRx8ALfrittfpoaEAyOBKEvsLHQ=="
    },
    "popper.js": {
      "version": "1.14.4",
      "resolved": "https://registry.npmjs.org/popper.js/-/popper.js-1.14.4.tgz",
      "integrity": "sha1-juwdj/AqWjoVLdQ0FKFce3n9abY="
    },
    "select2": {
      "version": "4.0.6-rc.1",
      "resolved": "https://registry.npmjs.org/select2/-/select2-4.0.6-rc.1.tgz",
      "integrity": "sha1-qmwwOKfw8ukf+t448KIcFeGBMnY=",
      "requires": {
        "almond": "0.3.3",
        "jquery-mousewheel": "3.1.13"
      }
    },
    "smartwizard": {
      "version": "4.3.1",
      "resolved": "https://registry.npmjs.org/smartwizard/-/smartwizard-4.3.1.tgz",
      "integrity": "sha512-C7gWnPwcLOi18kANTnCHYCMMo8LgZTcbMMXm6Q4bjUeY6ZaYGKXalaDjnTG6dSShEDmb50V6FeDHIZrXXiy0Hw==",
      "requires": {
        "bootstrap": "4.1.1",
        "jquery": "3.3.1"
      }
    },
    "spin.js": {
      "version": "4.0.0",
      "resolved": "https://registry.npmjs.org/spin.js/-/spin.js-4.0.0.tgz",
      "integrity": "sha512-uJN9Q4/I4I7PRZAp1c5reoY89thAfvFB5thbJncAwkPjPhqCfUrCooJc8GMN8q8WKFGIMy+JMf477RW7deCInA=="
    },
    "spinkit": {
      "version": "1.2.5",
      "resolved": "https://registry.npmjs.org/spinkit/-/spinkit-1.2.5.tgz",
      "integrity": "sha1-kPn0ZqIOjjnvJNqVnB5hHCow3VQ="
    },
    "ssr-window": {
      "version": "1.0.0",
      "resolved": "https://registry.npmjs.org/ssr-window/-/ssr-window-1.0.0.tgz",
      "integrity": "sha512-WHFyFLegz/NOgwdlFTw93Wd4c/gQ5hkv6amtdK/K0atfZvr28vwfEV7MR3NtWek+gnpiSd/tKXHQVfQRtA6OJg=="
    },
    "swiper": {
      "version": "4.3.3",
      "resolved": "https://registry.npmjs.org/swiper/-/swiper-4.3.3.tgz",
      "integrity": "sha512-hLjeei+E2EioFUBI4XzqUDkvZu9d6TAOWVFbrCXSrOhY9bzgXYC28dfMRHOs8IgU5WAZ7bbMR8lF706TzKf9nw==",
      "requires": {
        "dom7": "2.0.7",
        "ssr-window": "1.0.0"
      }
    },
    "ticky": {
      "version": "1.0.1",
      "resolved": "https://registry.npmjs.org/ticky/-/ticky-1.0.1.tgz",
      "integrity": "sha1-t8+nHnaPHJAAxJe5FRswlHxQ5G0="
    },
    "toastr": {
      "version": "2.1.4",
      "resolved": "https://registry.npmjs.org/toastr/-/toastr-2.1.4.tgz",
      "integrity": "sha1-i0O+ZPudDEFIcURvLbjoyk6V8YE=",
      "requires": {
        "jquery": "3.3.1"
      }
    },
    "vegas": {
      "version": "2.4.0",
      "resolved": "https://registry.npmjs.org/vegas/-/vegas-2.4.0.tgz",
      "integrity": "sha1-nXaLVuHPlSGY0k6rE1RpvSnyJ6c="
    }
  }
}
